// !$*UTF8*$!
{
	archiveVersion = 1;
	classes = {
	};
	objectVersion = 51;
	objects = {

/* Begin PBXBuildFile section */
		CAA424896EE97515D7083DB8 /* Pods_State_BordersTests.framework in Frameworks */ = {isa = PBXBuildFile; fileRef = 6166A46A00DF58D13BFBE89C /* Pods_State_BordersTests.framework */; };
		E1EA4593E8DCD4384D754E9C /* Pods_State_BordersUITests.framework in Frameworks */ = {isa = PBXBuildFile; fileRef = F04BF5CA3D0AFF78F8A4F437 /* Pods_State_BordersUITests.framework */; };
		F33C1F1D2357524A00288BA9 /* AppDelegate.swift in Sources */ = {isa = PBXBuildFile; fileRef = F33C1F1C2357524A00288BA9 /* AppDelegate.swift */; };
		F33C1F1F2357524A00288BA9 /* StatesViewController.swift in Sources */ = {isa = PBXBuildFile; fileRef = F33C1F1E2357524A00288BA9 /* StatesViewController.swift */; };
		F33C1F222357524A00288BA9 /* Main.storyboard in Resources */ = {isa = PBXBuildFile; fileRef = F33C1F202357524A00288BA9 /* Main.storyboard */; };
		F33C1F242357524B00288BA9 /* Assets.xcassets in Resources */ = {isa = PBXBuildFile; fileRef = F33C1F232357524B00288BA9 /* Assets.xcassets */; };
		F33C1F272357524B00288BA9 /* LaunchScreen.storyboard in Resources */ = {isa = PBXBuildFile; fileRef = F33C1F252357524B00288BA9 /* LaunchScreen.storyboard */; };
		F33C1F322357524C00288BA9 /* State_BordersTests.swift in Sources */ = {isa = PBXBuildFile; fileRef = F33C1F312357524C00288BA9 /* State_BordersTests.swift */; };
		F33C1F3D2357524C00288BA9 /* State_BordersUITests.swift in Sources */ = {isa = PBXBuildFile; fileRef = F33C1F3C2357524C00288BA9 /* State_BordersUITests.swift */; };
		F33C1F4E2357603F00288BA9 /* BordersViewController.swift in Sources */ = {isa = PBXBuildFile; fileRef = F33C1F4D2357603F00288BA9 /* BordersViewController.swift */; };
		F33C1F5123576D3A00288BA9 /* ApiService.swift in Sources */ = {isa = PBXBuildFile; fileRef = F33C1F5023576D3A00288BA9 /* ApiService.swift */; };
		F33C1F5323576DA100288BA9 /* State.swift in Sources */ = {isa = PBXBuildFile; fileRef = F33C1F5223576DA100288BA9 /* State.swift */; };
		F7625A6C69A2E17095EA3965 /* Pods_State_Borders.framework in Frameworks */ = {isa = PBXBuildFile; fileRef = 910013BCCD3812C5F376B6FF /* Pods_State_Borders.framework */; };
/* End PBXBuildFile section */

/* Begin PBXContainerItemProxy section */
		F33C1F2E2357524C00288BA9 /* PBXContainerItemProxy */ = {
			isa = PBXContainerItemProxy;
			containerPortal = F33C1F112357524A00288BA9 /* Project object */;
			proxyType = 1;
			remoteGlobalIDString = F33C1F182357524A00288BA9;
			remoteInfo = "State Borders";
		};
		F33C1F392357524C00288BA9 /* PBXContainerItemProxy */ = {
			isa = PBXContainerItemProxy;
			containerPortal = F33C1F112357524A00288BA9 /* Project object */;
			proxyType = 1;
			remoteGlobalIDString = F33C1F182357524A00288BA9;
			remoteInfo = "State Borders";
		};
/* End PBXContainerItemProxy section */

/* Begin PBXFileReference section */
		186D003AC7835F859C1CB42D /* Pods-State BordersUITests.debug.xcconfig */ = {isa = PBXFileReference; includeInIndex = 1; lastKnownFileType = text.xcconfig; name = "Pods-State BordersUITests.debug.xcconfig"; path = "Target Support Files/Pods-State BordersUITests/Pods-State BordersUITests.debug.xcconfig"; sourceTree = "<group>"; };
		369559BB80E8985AA42B6613 /* Pods-State Borders.debug.xcconfig */ = {isa = PBXFileReference; includeInIndex = 1; lastKnownFileType = text.xcconfig; name = "Pods-State Borders.debug.xcconfig"; path = "Target Support Files/Pods-State Borders/Pods-State Borders.debug.xcconfig"; sourceTree = "<group>"; };
		5240ED98D6FC0A06BBB9AAF8 /* Pods-State BordersTests.debug.xcconfig */ = {isa = PBXFileReference; includeInIndex = 1; lastKnownFileType = text.xcconfig; name = "Pods-State BordersTests.debug.xcconfig"; path = "Target Support Files/Pods-State BordersTests/Pods-State BordersTests.debug.xcconfig"; sourceTree = "<group>"; };
		6166A46A00DF58D13BFBE89C /* Pods_State_BordersTests.framework */ = {isa = PBXFileReference; explicitFileType = wrapper.framework; includeInIndex = 0; path = Pods_State_BordersTests.framework; sourceTree = BUILT_PRODUCTS_DIR; };
		910013BCCD3812C5F376B6FF /* Pods_State_Borders.framework */ = {isa = PBXFileReference; explicitFileType = wrapper.framework; includeInIndex = 0; path = Pods_State_Borders.framework; sourceTree = BUILT_PRODUCTS_DIR; };
		C444ACD32EA23F61446F859B /* Pods-State BordersUITests.release.xcconfig */ = {isa = PBXFileReference; includeInIndex = 1; lastKnownFileType = text.xcconfig; name = "Pods-State BordersUITests.release.xcconfig"; path = "Target Support Files/Pods-State BordersUITests/Pods-State BordersUITests.release.xcconfig"; sourceTree = "<group>"; };
		DD869C64C0CA2C2FAA6CA931 /* Pods-State Borders.release.xcconfig */ = {isa = PBXFileReference; includeInIndex = 1; lastKnownFileType = text.xcconfig; name = "Pods-State Borders.release.xcconfig"; path = "Target Support Files/Pods-State Borders/Pods-State Borders.release.xcconfig"; sourceTree = "<group>"; };
		F04BF5CA3D0AFF78F8A4F437 /* Pods_State_BordersUITests.framework */ = {isa = PBXFileReference; explicitFileType = wrapper.framework; includeInIndex = 0; path = Pods_State_BordersUITests.framework; sourceTree = BUILT_PRODUCTS_DIR; };
		F33C1F192357524A00288BA9 /* State Borders.app */ = {isa = PBXFileReference; explicitFileType = wrapper.application; includeInIndex = 0; path = "State Borders.app"; sourceTree = BUILT_PRODUCTS_DIR; };
		F33C1F1C2357524A00288BA9 /* AppDelegate.swift */ = {isa = PBXFileReference; lastKnownFileType = sourcecode.swift; path = AppDelegate.swift; sourceTree = "<group>"; };
		F33C1F1E2357524A00288BA9 /* StatesViewController.swift */ = {isa = PBXFileReference; lastKnownFileType = sourcecode.swift; path = StatesViewController.swift; sourceTree = "<group>"; };
		F33C1F212357524A00288BA9 /* Base */ = {isa = PBXFileReference; lastKnownFileType = file.storyboard; name = Base; path = Base.lproj/Main.storyboard; sourceTree = "<group>"; };
		F33C1F232357524B00288BA9 /* Assets.xcassets */ = {isa = PBXFileReference; lastKnownFileType = folder.assetcatalog; path = Assets.xcassets; sourceTree = "<group>"; };
		F33C1F262357524B00288BA9 /* Base */ = {isa = PBXFileReference; lastKnownFileType = file.storyboard; name = Base; path = Base.lproj/LaunchScreen.storyboard; sourceTree = "<group>"; };
		F33C1F282357524B00288BA9 /* Info.plist */ = {isa = PBXFileReference; lastKnownFileType = text.plist.xml; path = Info.plist; sourceTree = "<group>"; };
		F33C1F2D2357524C00288BA9 /* State BordersTests.xctest */ = {isa = PBXFileReference; explicitFileType = wrapper.cfbundle; includeInIndex = 0; path = "State BordersTests.xctest"; sourceTree = BUILT_PRODUCTS_DIR; };
		F33C1F312357524C00288BA9 /* State_BordersTests.swift */ = {isa = PBXFileReference; lastKnownFileType = sourcecode.swift; path = State_BordersTests.swift; sourceTree = "<group>"; };
		F33C1F332357524C00288BA9 /* Info.plist */ = {isa = PBXFileReference; lastKnownFileType = text.plist.xml; path = Info.plist; sourceTree = "<group>"; };
		F33C1F382357524C00288BA9 /* State BordersUITests.xctest */ = {isa = PBXFileReference; explicitFileType = wrapper.cfbundle; includeInIndex = 0; path = "State BordersUITests.xctest"; sourceTree = BUILT_PRODUCTS_DIR; };
		F33C1F3C2357524C00288BA9 /* State_BordersUITests.swift */ = {isa = PBXFileReference; lastKnownFileType = sourcecode.swift; path = State_BordersUITests.swift; sourceTree = "<group>"; };
		F33C1F3E2357524C00288BA9 /* Info.plist */ = {isa = PBXFileReference; lastKnownFileType = text.plist.xml; path = Info.plist; sourceTree = "<group>"; };
		F33C1F4D2357603F00288BA9 /* BordersViewController.swift */ = {isa = PBXFileReference; lastKnownFileType = sourcecode.swift; path = BordersViewController.swift; sourceTree = "<group>"; };
		F33C1F5023576D3A00288BA9 /* ApiService.swift */ = {isa = PBXFileReference; lastKnownFileType = sourcecode.swift; path = ApiService.swift; sourceTree = "<group>"; };
		F33C1F5223576DA100288BA9 /* State.swift */ = {isa = PBXFileReference; lastKnownFileType = sourcecode.swift; path = State.swift; sourceTree = "<group>"; };
		FF271B575FD77A9AECA058B1 /* Pods-State BordersTests.release.xcconfig */ = {isa = PBXFileReference; includeInIndex = 1; lastKnownFileType = text.xcconfig; name = "Pods-State BordersTests.release.xcconfig"; path = "Target Support Files/Pods-State BordersTests/Pods-State BordersTests.release.xcconfig"; sourceTree = "<group>"; };
/* End PBXFileReference section */

/* Begin PBXFrameworksBuildPhase section */
		F33C1F162357524A00288BA9 /* Frameworks */ = {
			isa = PBXFrameworksBuildPhase;
			buildActionMask = 2147483647;
			files = (
				F7625A6C69A2E17095EA3965 /* Pods_State_Borders.framework in Frameworks */,
			);
			runOnlyForDeploymentPostprocessing = 0;
		};
		F33C1F2A2357524C00288BA9 /* Frameworks */ = {
			isa = PBXFrameworksBuildPhase;
			buildActionMask = 2147483647;
			files = (
				CAA424896EE97515D7083DB8 /* Pods_State_BordersTests.framework in Frameworks */,
			);
			runOnlyForDeploymentPostprocessing = 0;
		};
		F33C1F352357524C00288BA9 /* Frameworks */ = {
			isa = PBXFrameworksBuildPhase;
			buildActionMask = 2147483647;
			files = (
				E1EA4593E8DCD4384D754E9C /* Pods_State_BordersUITests.framework in Frameworks */,
			);
			runOnlyForDeploymentPostprocessing = 0;
		};
/* End PBXFrameworksBuildPhase section */

/* Begin PBXGroup section */
		53A2BC45EA52C066DE7DF259 /* Pods */ = {
			isa = PBXGroup;
			children = (
				369559BB80E8985AA42B6613 /* Pods-State Borders.debug.xcconfig */,
				DD869C64C0CA2C2FAA6CA931 /* Pods-State Borders.release.xcconfig */,
				5240ED98D6FC0A06BBB9AAF8 /* Pods-State BordersTests.debug.xcconfig */,
				FF271B575FD77A9AECA058B1 /* Pods-State BordersTests.release.xcconfig */,
				186D003AC7835F859C1CB42D /* Pods-State BordersUITests.debug.xcconfig */,
				C444ACD32EA23F61446F859B /* Pods-State BordersUITests.release.xcconfig */,
			);
			path = Pods;
			sourceTree = "<group>";
		};
		979B23E8D098500C5CC5E698 /* Frameworks */ = {
			isa = PBXGroup;
			children = (
				910013BCCD3812C5F376B6FF /* Pods_State_Borders.framework */,
				6166A46A00DF58D13BFBE89C /* Pods_State_BordersTests.framework */,
				F04BF5CA3D0AFF78F8A4F437 /* Pods_State_BordersUITests.framework */,
			);
			name = Frameworks;
			sourceTree = "<group>";
		};
		F33C1F102357524A00288BA9 = {
			isa = PBXGroup;
			children = (
				F33C1F1B2357524A00288BA9 /* State Borders */,
				F33C1F302357524C00288BA9 /* State BordersTests */,
				F33C1F3B2357524C00288BA9 /* State BordersUITests */,
				F33C1F1A2357524A00288BA9 /* Products */,
				53A2BC45EA52C066DE7DF259 /* Pods */,
				979B23E8D098500C5CC5E698 /* Frameworks */,
			);
			sourceTree = "<group>";
		};
		F33C1F1A2357524A00288BA9 /* Products */ = {
			isa = PBXGroup;
			children = (
				F33C1F192357524A00288BA9 /* State Borders.app */,
				F33C1F2D2357524C00288BA9 /* State BordersTests.xctest */,
				F33C1F382357524C00288BA9 /* State BordersUITests.xctest */,
			);
			name = Products;
			sourceTree = "<group>";
		};
		F33C1F1B2357524A00288BA9 /* State Borders */ = {
			isa = PBXGroup;
			children = (
				F33C1F1C2357524A00288BA9 /* AppDelegate.swift */,
				F33C1F4C235752A200288BA9 /* Model */,
				F33C1F4B2357529700288BA9 /* View */,
				F33C1F4A2357527A00288BA9 /* Controller */,
				F33C1F4F23576D1300288BA9 /* Network */,
				F33C1F232357524B00288BA9 /* Assets.xcassets */,
				F33C1F252357524B00288BA9 /* LaunchScreen.storyboard */,
				F33C1F282357524B00288BA9 /* Info.plist */,
			);
			path = "State Borders";
			sourceTree = "<group>";
		};
		F33C1F302357524C00288BA9 /* State BordersTests */ = {
			isa = PBXGroup;
			children = (
				F33C1F312357524C00288BA9 /* State_BordersTests.swift */,
				F33C1F332357524C00288BA9 /* Info.plist */,
			);
			path = "State BordersTests";
			sourceTree = "<group>";
		};
		F33C1F3B2357524C00288BA9 /* State BordersUITests */ = {
			isa = PBXGroup;
			children = (
				F33C1F3C2357524C00288BA9 /* State_BordersUITests.swift */,
				F33C1F3E2357524C00288BA9 /* Info.plist */,
			);
			path = "State BordersUITests";
			sourceTree = "<group>";
		};
		F33C1F4A2357527A00288BA9 /* Controller */ = {
			isa = PBXGroup;
			children = (
				F33C1F1E2357524A00288BA9 /* StatesViewController.swift */,
				F33C1F4D2357603F00288BA9 /* BordersViewController.swift */,
			);
			path = Controller;
			sourceTree = "<group>";
		};
		F33C1F4B2357529700288BA9 /* View */ = {
			isa = PBXGroup;
			children = (
				F33C1F202357524A00288BA9 /* Main.storyboard */,
			);
			path = View;
			sourceTree = "<group>";
		};
		F33C1F4C235752A200288BA9 /* Model */ = {
			isa = PBXGroup;
			children = (
				F33C1F5223576DA100288BA9 /* State.swift */,
			);
			path = Model;
			sourceTree = "<group>";
		};
		F33C1F4F23576D1300288BA9 /* Network */ = {
			isa = PBXGroup;
			children = (
				F33C1F5023576D3A00288BA9 /* ApiService.swift */,
			);
			path = Network;
			sourceTree = "<group>";
		};
/* End PBXGroup section */

/* Begin PBXNativeTarget section */
		F33C1F182357524A00288BA9 /* State Borders */ = {
			isa = PBXNativeTarget;
			buildConfigurationList = F33C1F412357524C00288BA9 /* Build configuration list for PBXNativeTarget "State Borders" */;
			buildPhases = (
				56372543F81D46724A3E6EBD /* [CP] Check Pods Manifest.lock */,
				F33C1F152357524A00288BA9 /* Sources */,
				F33C1F162357524A00288BA9 /* Frameworks */,
				F33C1F172357524A00288BA9 /* Resources */,
				435D698906ECCD3327CE1D85 /* [CP] Embed Pods Frameworks */,
			);
			buildRules = (
			);
			dependencies = (
			);
			name = "State Borders";
			productName = "State Borders";
			productReference = F33C1F192357524A00288BA9 /* State Borders.app */;
			productType = "com.apple.product-type.application";
		};
		F33C1F2C2357524C00288BA9 /* State BordersTests */ = {
			isa = PBXNativeTarget;
			buildConfigurationList = F33C1F442357524C00288BA9 /* Build configuration list for PBXNativeTarget "State BordersTests" */;
			buildPhases = (
				2898AFECE84B53B7B31039D4 /* [CP] Check Pods Manifest.lock */,
				F33C1F292357524C00288BA9 /* Sources */,
				F33C1F2A2357524C00288BA9 /* Frameworks */,
				F33C1F2B2357524C00288BA9 /* Resources */,
			);
			buildRules = (
			);
			dependencies = (
				F33C1F2F2357524C00288BA9 /* PBXTargetDependency */,
			);
			name = "State BordersTests";
			productName = "State BordersTests";
			productReference = F33C1F2D2357524C00288BA9 /* State BordersTests.xctest */;
			productType = "com.apple.product-type.bundle.unit-test";
		};
		F33C1F372357524C00288BA9 /* State BordersUITests */ = {
			isa = PBXNativeTarget;
			buildConfigurationList = F33C1F472357524C00288BA9 /* Build configuration list for PBXNativeTarget "State BordersUITests" */;
			buildPhases = (
				EB0C0A43E8171494D95B68CC /* [CP] Check Pods Manifest.lock */,
				F33C1F342357524C00288BA9 /* Sources */,
				F33C1F352357524C00288BA9 /* Frameworks */,
				F33C1F362357524C00288BA9 /* Resources */,
			);
			buildRules = (
			);
			dependencies = (
				F33C1F3A2357524C00288BA9 /* PBXTargetDependency */,
			);
			name = "State BordersUITests";
			productName = "State BordersUITests";
			productReference = F33C1F382357524C00288BA9 /* State BordersUITests.xctest */;
			productType = "com.apple.product-type.bundle.ui-testing";
		};
/* End PBXNativeTarget section */

/* Begin PBXProject section */
		F33C1F112357524A00288BA9 /* Project object */ = {
			isa = PBXProject;
			attributes = {
				LastSwiftUpdateCheck = 1020;
				LastUpgradeCheck = 1020;
				ORGANIZATIONNAME = Niso;
				TargetAttributes = {
					F33C1F182357524A00288BA9 = {
						CreatedOnToolsVersion = 10.2.1;
					};
					F33C1F2C2357524C00288BA9 = {
						CreatedOnToolsVersion = 10.2.1;
						TestTargetID = F33C1F182357524A00288BA9;
					};
					F33C1F372357524C00288BA9 = {
						CreatedOnToolsVersion = 10.2.1;
						TestTargetID = F33C1F182357524A00288BA9;
					};
				};
			};
			buildConfigurationList = F33C1F142357524A00288BA9 /* Build configuration list for PBXProject "State Borders" */;
			compatibilityVersion = "Xcode 9.3";
			developmentRegion = en;
			hasScannedForEncodings = 0;
			knownRegions = (
				en,
				Base,
			);
			mainGroup = F33C1F102357524A00288BA9;
			productRefGroup = F33C1F1A2357524A00288BA9 /* Products */;
			projectDirPath = "";
			projectRoot = "";
			targets = (
				F33C1F182357524A00288BA9 /* State Borders */,
				F33C1F2C2357524C00288BA9 /* State BordersTests */,
				F33C1F372357524C00288BA9 /* State BordersUITests */,
			);
		};
/* End PBXProject section */

/* Begin PBXResourcesBuildPhase section */
		F33C1F172357524A00288BA9 /* Resources */ = {
			isa = PBXResourcesBuildPhase;
			buildActionMask = 2147483647;
			files = (
				F33C1F272357524B00288BA9 /* LaunchScreen.storyboard in Resources */,
				F33C1F242357524B00288BA9 /* Assets.xcassets in Resources */,
				F33C1F222357524A00288BA9 /* Main.storyboard in Resources */,
			);
			runOnlyForDeploymentPostprocessing = 0;
		};
		F33C1F2B2357524C00288BA9 /* Resources */ = {
			isa = PBXResourcesBuildPhase;
			buildActionMask = 2147483647;
			files = (
			);
			runOnlyForDeploymentPostprocessing = 0;
		};
		F33C1F362357524C00288BA9 /* Resources */ = {
			isa = PBXResourcesBuildPhase;
			buildActionMask = 2147483647;
			files = (
			);
			runOnlyForDeploymentPostprocessing = 0;
		};
/* End PBXResourcesBuildPhase section */

/* Begin PBXShellScriptBuildPhase section */
		2898AFECE84B53B7B31039D4 /* [CP] Check Pods Manifest.lock */ = {
			isa = PBXShellScriptBuildPhase;
			buildActionMask = 2147483647;
			files = (
			);
			inputFileListPaths = (
			);
			inputPaths = (
				"${PODS_PODFILE_DIR_PATH}/Podfile.lock",
				"${PODS_ROOT}/Manifest.lock",
			);
			name = "[CP] Check Pods Manifest.lock";
			outputFileListPaths = (
			);
			outputPaths = (
				"$(DERIVED_FILE_DIR)/Pods-State BordersTests-checkManifestLockResult.txt",
			);
			runOnlyForDeploymentPostprocessing = 0;
			shellPath = /bin/sh;
			shellScript = "diff \"${PODS_PODFILE_DIR_PATH}/Podfile.lock\" \"${PODS_ROOT}/Manifest.lock\" > /dev/null\nif [ $? != 0 ] ; then\n    # print error to STDERR\n    echo \"error: The sandbox is not in sync with the Podfile.lock. Run 'pod install' or update your CocoaPods installation.\" >&2\n    exit 1\nfi\n# This output is used by Xcode 'outputs' to avoid re-running this script phase.\necho \"SUCCESS\" > \"${SCRIPT_OUTPUT_FILE_0}\"\n";
			showEnvVarsInLog = 0;
		};
		435D698906ECCD3327CE1D85 /* [CP] Embed Pods Frameworks */ = {
			isa = PBXShellScriptBuildPhase;
			buildActionMask = 2147483647;
			files = (
			);
			inputFileListPaths = (
				"${PODS_ROOT}/Target Support Files/Pods-State Borders/Pods-State Borders-frameworks-${CONFIGURATION}-input-files.xcfilelist",
			);
			name = "[CP] Embed Pods Frameworks";
			outputFileListPaths = (
				"${PODS_ROOT}/Target Support Files/Pods-State Borders/Pods-State Borders-frameworks-${CONFIGURATION}-output-files.xcfilelist",
			);
			runOnlyForDeploymentPostprocessing = 0;
			shellPath = /bin/sh;
			shellScript = "\"${PODS_ROOT}/Target Support Files/Pods-State Borders/Pods-State Borders-frameworks.sh\"\n";
			showEnvVarsInLog = 0;
		};
		56372543F81D46724A3E6EBD /* [CP] Check Pods Manifest.lock */ = {
			isa = PBXShellScriptBuildPhase;
			buildActionMask = 2147483647;
			files = (
			);
			inputFileListPaths = (
			);
			inputPaths = (
				"${PODS_PODFILE_DIR_PATH}/Podfile.lock",
				"${PODS_ROOT}/Manifest.lock",
			);
			name = "[CP] Check Pods Manifest.lock";
			outputFileListPaths = (
			);
			outputPaths = (
				"$(DERIVED_FILE_DIR)/Pods-State Borders-checkManifestLockResult.txt",
			);
			runOnlyForDeploymentPostprocessing = 0;
			shellPath = /bin/sh;
			shellScript = "diff \"${PODS_PODFILE_DIR_PATH}/Podfile.lock\" \"${PODS_ROOT}/Manifest.lock\" > /dev/null\nif [ $? != 0 ] ; then\n    # print error to STDERR\n    echo \"error: The sandbox is not in sync with the Podfile.lock. Run 'pod install' or update your CocoaPods installation.\" >&2\n    exit 1\nfi\n# This output is used by Xcode 'outputs' to avoid re-running this script phase.\necho \"SUCCESS\" > \"${SCRIPT_OUTPUT_FILE_0}\"\n";
			showEnvVarsInLog = 0;
		};
		EB0C0A43E8171494D95B68CC /* [CP] Check Pods Manifest.lock */ = {
			isa = PBXShellScriptBuildPhase;
			buildActionMask = 2147483647;
			files = (
			);
			inputFileListPaths = (
			);
			inputPaths = (
				"${PODS_PODFILE_DIR_PATH}/Podfile.lock",
				"${PODS_ROOT}/Manifest.lock",
			);
			name = "[CP] Check Pods Manifest.lock";
			outputFileListPaths = (
			);
			outputPaths = (
				"$(DERIVED_FILE_DIR)/Pods-State BordersUITests-checkManifestLockResult.txt",
			);
			runOnlyForDeploymentPostprocessing = 0;
			shellPath = /bin/sh;
			shellScript = "diff \"${PODS_PODFILE_DIR_PATH}/Podfile.lock\" \"${PODS_ROOT}/Manifest.lock\" > /dev/null\nif [ $? != 0 ] ; then\n    # print error to STDERR\n    echo \"error: The sandbox is not in sync with the Podfile.lock. Run 'pod install' or update your CocoaPods installation.\" >&2\n    exit 1\nfi\n# This output is used by Xcode 'outputs' to avoid re-running this script phase.\necho \"SUCCESS\" > \"${SCRIPT_OUTPUT_FILE_0}\"\n";
			showEnvVarsInLog = 0;
		};
/* End PBXShellScriptBuildPhase section */

/* Begin PBXSourcesBuildPhase section */
		F33C1F152357524A00288BA9 /* Sources */ = {
			isa = PBXSourcesBuildPhase;
			buildActionMask = 2147483647;
			files = (
				F33C1F1F2357524A00288BA9 /* StatesViewController.swift in Sources */,
				F33C1F4E2357603F00288BA9 /* BordersViewController.swift in Sources */,
				F33C1F5123576D3A00288BA9 /* ApiService.swift in Sources */,
				F33C1F5323576DA100288BA9 /* State.swift in Sources */,
				F33C1F1D2357524A00288BA9 /* AppDelegate.swift in Sources */,
			);
			runOnlyForDeploymentPostprocessing = 0;
		};
		F33C1F292357524C00288BA9 /* Sources */ = {
			isa = PBXSourcesBuildPhase;
			buildActionMask = 2147483647;
			files = (
				F33C1F322357524C00288BA9 /* State_BordersTests.swift in Sources */,
			);
			runOnlyForDeploymentPostprocessing = 0;
		};
		F33C1F342357524C00288BA9 /* Sources */ = {
			isa = PBXSourcesBuildPhase;
			buildActionMask = 2147483647;
			files = (
				F33C1F3D2357524C00288BA9 /* State_BordersUITests.swift in Sources */,
			);
			runOnlyForDeploymentPostprocessing = 0;
		};
/* End PBXSourcesBuildPhase section */

/* Begin PBXTargetDependency section */
		F33C1F2F2357524C00288BA9 /* PBXTargetDependency */ = {
			isa = PBXTargetDependency;
			target = F33C1F182357524A00288BA9 /* State Borders */;
			targetProxy = F33C1F2E2357524C00288BA9 /* PBXContainerItemProxy */;
		};
		F33C1F3A2357524C00288BA9 /* PBXTargetDependency */ = {
			isa = PBXTargetDependency;
			target = F33C1F182357524A00288BA9 /* State Borders */;
			targetProxy = F33C1F392357524C00288BA9 /* PBXContainerItemProxy */;
		};
/* End PBXTargetDependency section */

/* Begin PBXVariantGroup section */
		F33C1F202357524A00288BA9 /* Main.storyboard */ = {
			isa = PBXVariantGroup;
			children = (
				F33C1F212357524A00288BA9 /* Base */,
			);
			name = Main.storyboard;
			sourceTree = "<group>";
		};
		F33C1F252357524B00288BA9 /* LaunchScreen.storyboard */ = {
			isa = PBXVariantGroup;
			children = (
				F33C1F262357524B00288BA9 /* Base */,
			);
			name = LaunchScreen.storyboard;
			sourceTree = "<group>";
		};
/* End PBXVariantGroup section */

/* Begin XCBuildConfiguration section */
		F33C1F3F2357524C00288BA9 /* Debug */ = {
			isa = XCBuildConfiguration;
			buildSettings = {
				ALWAYS_SEARCH_USER_PATHS = NO;
				CLANG_ANALYZER_NONNULL = YES;
				CLANG_ANALYZER_NUMBER_OBJECT_CONVERSION = YES_AGGRESSIVE;
				CLANG_CXX_LANGUAGE_STANDARD = "gnu++14";
				CLANG_CXX_LIBRARY = "libc++";
				CLANG_ENABLE_MODULES = YES;
				CLANG_ENABLE_OBJC_ARC = YES;
				CLANG_ENABLE_OBJC_WEAK = YES;
				CLANG_WARN_BLOCK_CAPTURE_AUTORELEASING = YES;
				CLANG_WARN_BOOL_CONVERSION = YES;
				CLANG_WARN_COMMA = YES;
				CLANG_WARN_CONSTANT_CONVERSION = YES;
				CLANG_WARN_DEPRECATED_OBJC_IMPLEMENTATIONS = YES;
				CLANG_WARN_DIRECT_OBJC_ISA_USAGE = YES_ERROR;
				CLANG_WARN_DOCUMENTATION_COMMENTS = YES;
				CLANG_WARN_EMPTY_BODY = YES;
				CLANG_WARN_ENUM_CONVERSION = YES;
				CLANG_WARN_INFINITE_RECURSION = YES;
				CLANG_WARN_INT_CONVERSION = YES;
				CLANG_WARN_NON_LITERAL_NULL_CONVERSION = YES;
				CLANG_WARN_OBJC_IMPLICIT_RETAIN_SELF = YES;
				CLANG_WARN_OBJC_LITERAL_CONVERSION = YES;
				CLANG_WARN_OBJC_ROOT_CLASS = YES_ERROR;
				CLANG_WARN_RANGE_LOOP_ANALYSIS = YES;
				CLANG_WARN_STRICT_PROTOTYPES = YES;
				CLANG_WARN_SUSPICIOUS_MOVE = YES;
				CLANG_WARN_UNGUARDED_AVAILABILITY = YES_AGGRESSIVE;
				CLANG_WARN_UNREACHABLE_CODE = YES;
				CLANG_WARN__DUPLICATE_METHOD_MATCH = YES;
				CODE_SIGN_IDENTITY = "iPhone Developer";
				COPY_PHASE_STRIP = NO;
				DEBUG_INFORMATION_FORMAT = dwarf;
				ENABLE_STRICT_OBJC_MSGSEND = YES;
				ENABLE_TESTABILITY = YES;
				GCC_C_LANGUAGE_STANDARD = gnu11;
				GCC_DYNAMIC_NO_PIC = NO;
				GCC_NO_COMMON_BLOCKS = YES;
				GCC_OPTIMIZATION_LEVEL = 0;
				GCC_PREPROCESSOR_DEFINITIONS = (
					"DEBUG=1",
					"$(inherited)",
				);
				GCC_WARN_64_TO_32_BIT_CONVERSION = YES;
				GCC_WARN_ABOUT_RETURN_TYPE = YES_ERROR;
				GCC_WARN_UNDECLARED_SELECTOR = YES;
				GCC_WARN_UNINITIALIZED_AUTOS = YES_AGGRESSIVE;
				GCC_WARN_UNUSED_FUNCTION = YES;
				GCC_WARN_UNUSED_VARIABLE = YES;
				IPHONEOS_DEPLOYMENT_TARGET = 12.2;
				MTL_ENABLE_DEBUG_INFO = INCLUDE_SOURCE;
				MTL_FAST_MATH = YES;
				ONLY_ACTIVE_ARCH = YES;
				SDKROOT = iphoneos;
				SWIFT_ACTIVE_COMPILATION_CONDITIONS = DEBUG;
				SWIFT_OPTIMIZATION_LEVEL = "-Onone";
			};
			name = Debug;
		};
		F33C1F402357524C00288BA9 /* Release */ = {
			isa = XCBuildConfiguration;
			buildSettings = {
				ALWAYS_SEARCH_USER_PATHS = NO;
				CLANG_ANALYZER_NONNULL = YES;
				CLANG_ANALYZER_NUMBER_OBJECT_CONVERSION = YES_AGGRESSIVE;
				CLANG_CXX_LANGUAGE_STANDARD = "gnu++14";
				CLANG_CXX_LIBRARY = "libc++";
				CLANG_ENABLE_MODULES = YES;
				CLANG_ENABLE_OBJC_ARC = YES;
				CLANG_ENABLE_OBJC_WEAK = YES;
				CLANG_WARN_BLOCK_CAPTURE_AUTORELEASING = YES;
				CLANG_WARN_BOOL_CONVERSION = YES;
				CLANG_WARN_COMMA = YES;
				CLANG_WARN_CONSTANT_CONVERSION = YES;
				CLANG_WARN_DEPRECATED_OBJC_IMPLEMENTATIONS = YES;
				CLANG_WARN_DIRECT_OBJC_ISA_USAGE = YES_ERROR;
				CLANG_WARN_DOCUMENTATION_COMMENTS = YES;
				CLANG_WARN_EMPTY_BODY = YES;
				CLANG_WARN_ENUM_CONVERSION = YES;
				CLANG_WARN_INFINITE_RECURSION = YES;
				CLANG_WARN_INT_CONVERSION = YES;
				CLANG_WARN_NON_LITERAL_NULL_CONVERSION = YES;
				CLANG_WARN_OBJC_IMPLICIT_RETAIN_SELF = YES;
				CLANG_WARN_OBJC_LITERAL_CONVERSION = YES;
				CLANG_WARN_OBJC_ROOT_CLASS = YES_ERROR;
				CLANG_WARN_RANGE_LOOP_ANALYSIS = YES;
				CLANG_WARN_STRICT_PROTOTYPES = YES;
				CLANG_WARN_SUSPICIOUS_MOVE = YES;
				CLANG_WARN_UNGUARDED_AVAILABILITY = YES_AGGRESSIVE;
				CLANG_WARN_UNREACHABLE_CODE = YES;
				CLANG_WARN__DUPLICATE_METHOD_MATCH = YES;
				CODE_SIGN_IDENTITY = "iPhone Developer";
				COPY_PHASE_STRIP = NO;
				DEBUG_INFORMATION_FORMAT = "dwarf-with-dsym";
				ENABLE_NS_ASSERTIONS = NO;
				ENABLE_STRICT_OBJC_MSGSEND = YES;
				GCC_C_LANGUAGE_STANDARD = gnu11;
				GCC_NO_COMMON_BLOCKS = YES;
				GCC_WARN_64_TO_32_BIT_CONVERSION = YES;
				GCC_WARN_ABOUT_RETURN_TYPE = YES_ERROR;
				GCC_WARN_UNDECLARED_SELECTOR = YES;
				GCC_WARN_UNINITIALIZED_AUTOS = YES_AGGRESSIVE;
				GCC_WARN_UNUSED_FUNCTION = YES;
				GCC_WARN_UNUSED_VARIABLE = YES;
				IPHONEOS_DEPLOYMENT_TARGET = 12.2;
				MTL_ENABLE_DEBUG_INFO = NO;
				MTL_FAST_MATH = YES;
				SDKROOT = iphoneos;
				SWIFT_COMPILATION_MODE = wholemodule;
				SWIFT_OPTIMIZATION_LEVEL = "-O";
				VALIDATE_PRODUCT = YES;
			};
			name = Release;
		};
		F33C1F422357524C00288BA9 /* Debug */ = {
			isa = XCBuildConfiguration;
			baseConfigurationReference = 369559BB80E8985AA42B6613 /* Pods-State Borders.debug.xcconfig */;
			buildSettings = {
				ASSETCATALOG_COMPILER_APPICON_NAME = AppIcon;
				CODE_SIGN_STYLE = Automatic;
				INFOPLIST_FILE = "State Borders/Info.plist";
				LD_RUNPATH_SEARCH_PATHS = (
					"$(inherited)",
					"@executable_path/Frameworks",
				);
				PRODUCT_BUNDLE_IDENTIFIER = "PancakesAtBreakfast.State-Borders";
				PRODUCT_NAME = "$(TARGET_NAME)";
				SWIFT_VERSION = 5.0;
				TARGETED_DEVICE_FAMILY = "1,2";
			};
			name = Debug;
		};
		F33C1F432357524C00288BA9 /* Release */ = {
			isa = XCBuildConfiguration;
			baseConfigurationReference = DD869C64C0CA2C2FAA6CA931 /* Pods-State Borders.release.xcconfig */;
			buildSettings = {
				ASSETCATALOG_COMPILER_APPICON_NAME = AppIcon;
				CODE_SIGN_STYLE = Automatic;
				INFOPLIST_FILE = "State Borders/Info.plist";
				LD_RUNPATH_SEARCH_PATHS = (
					"$(inherited)",
					"@executable_path/Frameworks",
				);
				PRODUCT_BUNDLE_IDENTIFIER = "PancakesAtBreakfast.State-Borders";
				PRODUCT_NAME = "$(TARGET_NAME)";
				SWIFT_VERSION = 5.0;
				TARGETED_DEVICE_FAMILY = "1,2";
			};
			name = Release;
		};
		F33C1F452357524C00288BA9 /* Debug */ = {
			isa = XCBuildConfiguration;
			baseConfigurationReference = 5240ED98D6FC0A06BBB9AAF8 /* Pods-State BordersTests.debug.xcconfig */;
			buildSettings = {
				ALWAYS_EMBED_SWIFT_STANDARD_LIBRARIES = YES;
				BUNDLE_LOADER = "$(TEST_HOST)";
				CODE_SIGN_STYLE = Automatic;
				INFOPLIST_FILE = "State BordersTests/Info.plist";
				LD_RUNPATH_SEARCH_PATHS = (
					"$(inherited)",
					"@executable_path/Frameworks",
					"@loader_path/Frameworks",
				);
				PRODUCT_BUNDLE_IDENTIFIER = "PancakesAtBreakfast.State-BordersTests";
				PRODUCT_NAME = "$(TARGET_NAME)";
				SWIFT_VERSION = 5.0;
				TARGETED_DEVICE_FAMILY = "1,2";
				TEST_HOST = "$(BUILT_PRODUCTS_DIR)/State Borders.app/State Borders";
			};
			name = Debug;
		};
		F33C1F462357524C00288BA9 /* Release */ = {
			isa = XCBuildConfiguration;
			baseConfigurationReference = FF271B575FD77A9AECA058B1 /* Pods-State BordersTests.release.xcconfig */;
			buildSettings = {
				ALWAYS_EMBED_SWIFT_STANDARD_LIBRARIES = YES;
				BUNDLE_LOADER = "$(TEST_HOST)";
				CODE_SIGN_STYLE = Automatic;
				INFOPLIST_FILE = "State BordersTests/Info.plist";
				LD_RUNPATH_SEARCH_PATHS = (
					"$(inherited)",
					"@executable_path/Frameworks",
					"@loader_path/Frameworks",
				);
				PRODUCT_BUNDLE_IDENTIFIER = "PancakesAtBreakfast.State-BordersTests";
				PRODUCT_NAME = "$(TARGET_NAME)";
				SWIFT_VERSION = 5.0;
				TARGETED_DEVICE_FAMILY = "1,2";
				TEST_HOST = "$(BUILT_PRODUCTS_DIR)/State Borders.app/State Borders";
			};
			name = Release;
		};
		F33C1F482357524C00288BA9 /* Debug */ = {
			isa = XCBuildConfiguration;
			baseConfigurationReference = 186D003AC7835F859C1CB42D /* Pods-State BordersUITests.debug.xcconfig */;
			buildSettings = {
				ALWAYS_EMBED_SWIFT_STANDARD_LIBRARIES = YES;
				CODE_SIGN_STYLE = Automatic;
				INFOPLIST_FILE = "State BordersUITests/Info.plist";
				LD_RUNPATH_SEARCH_PATHS = (
					"$(inherited)",
					"@executable_path/Frameworks",
					"@loader_path/Frameworks",
				);
				PRODUCT_BUNDLE_IDENTIFIER = "PancakesAtBreakfast.State-BordersUITests";
				PRODUCT_NAME = "$(TARGET_NAME)";
				SWIFT_VERSION = 5.0;
				TARGETED_DEVICE_FAMILY = "1,2";
				TEST_TARGET_NAME = "State Borders";
			};
			name = Debug;
		};
		F33C1F492357524C00288BA9 /* Release */ = {
			isa = XCBuildConfiguration;
			baseConfigurationReference = C444ACD32EA23F61446F859B /* Pods-State BordersUITests.release.xcconfig */;
			buildSettings = {
				ALWAYS_EMBED_SWIFT_STANDARD_LIBRARIES = YES;
				CODE_SIGN_STYLE = Automatic;
				INFOPLIST_FILE = "State BordersUITests/Info.plist";
				LD_RUNPATH_SEARCH_PATHS = (
					"$(inherited)",
					"@executable_path/Frameworks",
					"@loader_path/Frameworks",
				);
				PRODUCT_BUNDLE_IDENTIFIER = "PancakesAtBreakfast.State-BordersUITests";
				PRODUCT_NAME = "$(TARGET_NAME)";
				SWIFT_VERSION = 5.0;
				TARGETED_DEVICE_FAMILY = "1,2";
				TEST_TARGET_NAME = "State Borders";
			};
			name = Release;
		};
/* End XCBuildConfiguration section */

/* Begin XCConfigurationList section */
		F33C1F142357524A00288BA9 /* Build configuration list for PBXProject "State Borders" */ = {
			isa = XCConfigurationList;
			buildConfigurations = (
				F33C1F3F2357524C00288BA9 /* Debug */,
				F33C1F402357524C00288BA9 /* Release */,
			);
			defaultConfigurationIsVisible = 0;
			defaultConfigurationName = Release;
		};
		F33C1F412357524C00288BA9 /* Build configuration list for PBXNativeTarget "State Borders" */ = {
			isa = XCConfigurationList;
			buildConfigurations = (
				F33C1F422357524C00288BA9 /* Debug */,
				F33C1F432357524C00288BA9 /* Release */,
			);
			defaultConfigurationIsVisible = 0;
			defaultConfigurationName = Release;
		};
		F33C1F442357524C00288BA9 /* Build configuration list for PBXNativeTarget "State BordersTests" */ = {
			isa = XCConfigurationList;
			buildConfigurations = (
				F33C1F452357524C00288BA9 /* Debug */,
				F33C1F462357524C00288BA9 /* Release */,
			);
			defaultConfigurationIsVisible = 0;
			defaultConfigurationName = Release;
		};
		F33C1F472357524C00288BA9 /* Build configuration list for PBXNativeTarget "State BordersUITests" */ = {
			isa = XCConfigurationList;
			buildConfigurations = (
				F33C1F482357524C00288BA9 /* Debug */,
				F33C1F492357524C00288BA9 /* Release */,
			);
			defaultConfigurationIsVisible = 0;
			defaultConfigurationName = Release;
		};
/* End XCConfigurationList section */
	};
	rootObject = F33C1F112357524A00288BA9 /* Project object */;
}
